# This file is automatically @generated by Poetry 1.8.3 and should not be changed by hand.

[[package]]
name = "dnspython"
version = "2.3.0"
description = "DNS toolkit"
optional = false
python-versions = ">=3.7,<4.0"
files = [
    {file = "dnspython-2.3.0-py3-none-any.whl", hash = "sha256:89141536394f909066cabd112e3e1a37e4e654db00a25308b0f130bc3152eb46"},
    {file = "dnspython-2.3.0.tar.gz", hash = "sha256:224e32b03eb46be70e12ef6d64e0be123a64e621ab4c0822ff6d450d52a540b9"},
]

[package.extras]
curio = ["curio (>=1.2,<2.0)", "sniffio (>=1.1,<2.0)"]
dnssec = ["cryptography (>=2.6,<40.0)"]
doh = ["h2 (>=4.1.0)", "httpx (>=0.21.1)", "requests (>=2.23.0,<3.0.0)", "requests-toolbelt (>=0.9.1,<0.11.0)"]
doq = ["aioquic (>=0.9.20)"]
idna = ["idna (>=2.1,<4.0)"]
trio = ["trio (>=0.14,<0.23)"]
wmi = ["wmi (>=1.5.1,<2.0.0)"]

[[package]]
name = "pymongo"
version = "4.7.3"
description = "Python driver for MongoDB <http://www.mongodb.org>"
optional = false
python-versions = ">=3.7"
files = [
    {file = "pymongo-4.7.3-cp310-cp310-macosx_10_9_x86_64.whl", hash = "sha256:e9580b4537b3cc5d412070caabd1dabdf73fdce249793598792bac5782ecf2eb"},
    {file = "pymongo-4.7.3-cp310-cp310-macosx_11_0_arm64.whl", hash = "sha256:517243b2b189c98004570dd8fc0e89b1a48363d5578b3b99212fa2098b2ea4b8"},
    {file = "pymongo-4.7.3-cp310-cp310-manylinux_2_17_aarch64.manylinux2014_aarch64.whl", hash = "sha256:23b1e9dabd61da1c7deb54d888f952f030e9e35046cebe89309b28223345b3d9"},
    {file = "pymongo-4.7.3-cp310-cp310-manylinux_2_17_ppc64le.manylinux2014_ppc64le.whl", hash = "sha256:03e0f9901ad66c6fb7da0d303461377524d61dab93a4e4e5af44164c5bb4db76"},
    {file = "pymongo-4.7.3-cp310-cp310-manylinux_2_17_s390x.manylinux2014_s390x.whl", hash = "sha256:9a870824aa54453aee030bac08c77ebcf2fe8999400f0c2a065bebcbcd46b7f8"},
    {file = "pymongo-4.7.3-cp310-cp310-manylinux_2_17_x86_64.manylinux2014_x86_64.whl", hash = "sha256:dfd7b3d3f4261bddbb74a332d87581bc523353e62bb9da4027cc7340f6fcbebc"},
    {file = "pymongo-4.7.3-cp310-cp310-manylinux_2_5_i686.manylinux1_i686.manylinux_2_17_i686.manylinux2014_i686.whl", hash = "sha256:4d719a643ea6da46d215a3ba51dac805a773b611c641319558d8576cbe31cef8"},
    {file = "pymongo-4.7.3-cp310-cp310-win32.whl", hash = "sha256:d8b1e06f361f3c66ee694cb44326e1a2e4f93bc9c3a4849ae8547889fca71154"},
    {file = "pymongo-4.7.3-cp310-cp310-win_amd64.whl", hash = "sha256:c450ab2f9397e2d5caa7fddeb4feb30bf719c47c13ae02c0bbb3b71bf4099c1c"},
    {file = "pymongo-4.7.3-cp311-cp311-macosx_10_9_x86_64.whl", hash = "sha256:79cc6459209e885ba097779eaa0fe7f2fa049db39ab43b1731cf8d065a4650e8"},
    {file = "pymongo-4.7.3-cp311-cp311-macosx_11_0_arm64.whl", hash = "sha256:6e2287f1e2cc35e73cd74a4867e398a97962c5578a3991c730ef78d276ca8e46"},
    {file = "pymongo-4.7.3-cp311-cp311-manylinux_2_17_aarch64.manylinux2014_aarch64.whl", hash = "sha256:413506bd48d8c31ee100645192171e4773550d7cb940b594d5175ac29e329ea1"},
    {file = "pymongo-4.7.3-cp311-cp311-manylinux_2_17_ppc64le.manylinux2014_ppc64le.whl", hash = "sha256:1cc1febf17646d52b7561caa762f60bdfe2cbdf3f3e70772f62eb624269f9c05"},
    {file = "pymongo-4.7.3-cp311-cp311-manylinux_2_17_s390x.manylinux2014_s390x.whl", hash = "sha256:8dfcf18a49955d50a16c92b39230bd0668ffc9c164ccdfe9d28805182b48fa72"},
    {file = "pymongo-4.7.3-cp311-cp311-manylinux_2_17_x86_64.manylinux2014_x86_64.whl", hash = "sha256:89872041196c008caddf905eb59d3dc2d292ae6b0282f1138418e76f3abd3ad6"},
    {file = "pymongo-4.7.3-cp311-cp311-manylinux_2_5_i686.manylinux1_i686.manylinux_2_17_i686.manylinux2014_i686.whl", hash = "sha256:d3ed97b89de62ea927b672ad524de0d23f3a6b4a01c8d10e3d224abec973fbc3"},
    {file = "pymongo-4.7.3-cp311-cp311-win32.whl", hash = "sha256:d2f52b38151e946011d888a8441d3d75715c663fc5b41a7ade595e924e12a90a"},
    {file = "pymongo-4.7.3-cp311-cp311-win_amd64.whl", hash = "sha256:4a4cc91c28e81c0ce03d3c278e399311b0af44665668a91828aec16527082676"},
    {file = "pymongo-4.7.3-cp312-cp312-macosx_10_9_x86_64.whl", hash = "sha256:cb30c8a78f5ebaca98640943447b6a0afcb146f40b415757c9047bf4a40d07b4"},
    {file = "pymongo-4.7.3-cp312-cp312-macosx_11_0_arm64.whl", hash = "sha256:9cf2069f5d37c398186453589486ea98bb0312214c439f7d320593b61880dc05"},
    {file = "pymongo-4.7.3-cp312-cp312-manylinux_2_17_aarch64.manylinux2014_aarch64.whl", hash = "sha256:3564f423958fced8a8c90940fd2f543c27adbcd6c7c6ed6715d847053f6200a0"},
    {file = "pymongo-4.7.3-cp312-cp312-manylinux_2_17_ppc64le.manylinux2014_ppc64le.whl", hash = "sha256:7a8af8a38fa6951fff73e6ff955a6188f829b29fed7c5a1b739a306b4aa56fe8"},
    {file = "pymongo-4.7.3-cp312-cp312-manylinux_2_17_s390x.manylinux2014_s390x.whl", hash = "sha256:3a0e81c8dba6d825272867d487f18764cfed3c736d71d7d4ff5b79642acbed42"},
    {file = "pymongo-4.7.3-cp312-cp312-manylinux_2_17_x86_64.manylinux2014_x86_64.whl", hash = "sha256:88fc1d146feabac4385ea8ddb1323e584922922641303c8bf392fe1c36803463"},
    {file = "pymongo-4.7.3-cp312-cp312-manylinux_2_5_i686.manylinux1_i686.manylinux_2_17_i686.manylinux2014_i686.whl", hash = "sha256:4225100b2c5d1f7393d7c5d256ceb8b20766830eecf869f8ae232776347625a6"},
    {file = "pymongo-4.7.3-cp312-cp312-win32.whl", hash = "sha256:5f3569ed119bf99c0f39ac9962fb5591eff02ca210fe80bb5178d7a1171c1b1e"},
    {file = "pymongo-4.7.3-cp312-cp312-win_amd64.whl", hash = "sha256:eb383c54c0c8ba27e7712b954fcf2a0905fee82a929d277e2e94ad3a5ba3c7db"},
    {file = "pymongo-4.7.3-cp37-cp37m-macosx_10_9_x86_64.whl", hash = "sha256:a46cffe91912570151617d866a25d07b9539433a32231ca7e7cf809b6ba1745f"},
    {file = "pymongo-4.7.3-cp37-cp37m-manylinux_2_17_aarch64.manylinux2014_aarch64.whl", hash = "sha256:4c3cba427dac50944c050c96d958c5e643c33a457acee03bae27c8990c5b9c16"},
    {file = "pymongo-4.7.3-cp37-cp37m-manylinux_2_17_ppc64le.manylinux2014_ppc64le.whl", hash = "sha256:a7a5fd893edbeb7fa982f8d44b6dd0186b6cd86c89e23f6ef95049ff72bffe46"},
    {file = "pymongo-4.7.3-cp37-cp37m-manylinux_2_17_s390x.manylinux2014_s390x.whl", hash = "sha256:c168a2fadc8b19071d0a9a4f85fe38f3029fe22163db04b4d5c046041c0b14bd"},
    {file = "pymongo-4.7.3-cp37-cp37m-manylinux_2_17_x86_64.manylinux2014_x86_64.whl", hash = "sha256:2c59c2c9e70f63a7f18a31e367898248c39c068c639b0579623776f637e8f482"},
    {file = "pymongo-4.7.3-cp37-cp37m-manylinux_2_5_i686.manylinux1_i686.manylinux_2_17_i686.manylinux2014_i686.whl", hash = "sha256:d08165fd82c89d372e82904c3268bd8fe5de44f92a00e97bb1db1785154397d9"},
    {file = "pymongo-4.7.3-cp37-cp37m-manylinux_2_5_i686.manylinux1_i686.whl", hash = "sha256:397fed21afec4fdaecf72f9c4344b692e489756030a9c6d864393e00c7e80491"},
    {file = "pymongo-4.7.3-cp37-cp37m-manylinux_2_5_x86_64.manylinux1_x86_64.whl", hash = "sha256:f903075f8625e2d228f1b9b9a0cf1385f1c41e93c03fd7536c91780a0fb2e98f"},
    {file = "pymongo-4.7.3-cp37-cp37m-win32.whl", hash = "sha256:8ed1132f58c38add6b6138b771d0477a3833023c015c455d9a6e26f367f9eb5c"},
    {file = "pymongo-4.7.3-cp37-cp37m-win_amd64.whl", hash = "sha256:8d00a5d8fc1043a4f641cbb321da766699393f1b6f87c70fae8089d61c9c9c54"},
    {file = "pymongo-4.7.3-cp38-cp38-macosx_10_9_x86_64.whl", hash = "sha256:9377b868c38700c7557aac1bc4baae29f47f1d279cc76b60436e547fd643318c"},
    {file = "pymongo-4.7.3-cp38-cp38-macosx_11_0_arm64.whl", hash = "sha256:da4a6a7b4f45329bb135aa5096823637bd5f760b44d6224f98190ee367b6b5dd"},
    {file = "pymongo-4.7.3-cp38-cp38-manylinux_2_17_aarch64.manylinux2014_aarch64.whl", hash = "sha256:487e2f9277f8a63ac89335ec4f1699ae0d96ebd06d239480d69ed25473a71b2c"},
    {file = "pymongo-4.7.3-cp38-cp38-manylinux_2_17_ppc64le.manylinux2014_ppc64le.whl", hash = "sha256:6db3d608d541a444c84f0bfc7bad80b0b897e0f4afa580a53f9a944065d9b633"},
    {file = "pymongo-4.7.3-cp38-cp38-manylinux_2_17_s390x.manylinux2014_s390x.whl", hash = "sha256:e90af2ad3a8a7c295f4d09a2fbcb9a350c76d6865f787c07fe843b79c6e821d1"},
    {file = "pymongo-4.7.3-cp38-cp38-manylinux_2_17_x86_64.manylinux2014_x86_64.whl", hash = "sha256:8e28feb18dc559d50ededba27f9054c79f80c4edd70a826cecfe68f3266807b3"},
    {file = "pymongo-4.7.3-cp38-cp38-manylinux_2_5_i686.manylinux1_i686.manylinux_2_17_i686.manylinux2014_i686.whl", hash = "sha256:f21ecddcba2d9132d5aebd8e959de8d318c29892d0718420447baf2b9bccbb19"},
    {file = "pymongo-4.7.3-cp38-cp38-manylinux_2_5_i686.manylinux1_i686.whl", hash = "sha256:26140fbb3f6a9a74bd73ed46d0b1f43d5702e87a6e453a31b24fad9c19df9358"},
    {file = "pymongo-4.7.3-cp38-cp38-manylinux_2_5_x86_64.manylinux1_x86_64.whl", hash = "sha256:94baa5fc7f7d22c3ce2ac7bd92f7e03ba7a6875f2480e3b97a400163d6eaafc9"},
    {file = "pymongo-4.7.3-cp38-cp38-win32.whl", hash = "sha256:92dd247727dd83d1903e495acc743ebd757f030177df289e3ba4ef8a8c561fad"},
    {file = "pymongo-4.7.3-cp38-cp38-win_amd64.whl", hash = "sha256:1c90c848a5e45475731c35097f43026b88ef14a771dfd08f20b67adc160a3f79"},
    {file = "pymongo-4.7.3-cp39-cp39-macosx_10_9_x86_64.whl", hash = "sha256:f598be401b416319a535c386ac84f51df38663f7a9d1071922bda4d491564422"},
    {file = "pymongo-4.7.3-cp39-cp39-macosx_11_0_arm64.whl", hash = "sha256:35ba90477fae61c65def6e7d09e8040edfdd3b7fd47c3c258b4edded60c4d625"},
    {file = "pymongo-4.7.3-cp39-cp39-manylinux_2_17_aarch64.manylinux2014_aarch64.whl", hash = "sha256:9aa8735955c70892634d7e61b0ede9b1eefffd3cd09ccabee0ffcf1bdfe62254"},
    {file = "pymongo-4.7.3-cp39-cp39-manylinux_2_17_ppc64le.manylinux2014_ppc64le.whl", hash = "sha256:82a97d8f7f138586d9d0a0cff804a045cdbbfcfc1cd6bba542b151e284fbbec5"},
    {file = "pymongo-4.7.3-cp39-cp39-manylinux_2_17_s390x.manylinux2014_s390x.whl", hash = "sha256:de3b9db558930efab5eaef4db46dcad8bf61ac3ddfd5751b3e5ac6084a25e366"},
    {file = "pymongo-4.7.3-cp39-cp39-manylinux_2_17_x86_64.manylinux2014_x86_64.whl", hash = "sha256:f0e149217ef62812d3c2401cf0e2852b0c57fd155297ecc4dcd67172c4eca402"},
    {file = "pymongo-4.7.3-cp39-cp39-manylinux_2_5_i686.manylinux1_i686.manylinux_2_17_i686.manylinux2014_i686.whl", hash = "sha256:b3a8a1ef4a824f5feb793b3231526d0045eadb5eb01080e38435dfc40a26c3e5"},
    {file = "pymongo-4.7.3-cp39-cp39-manylinux_2_5_i686.manylinux1_i686.whl", hash = "sha256:d14e5e89a4be1f10efc3d9dcb13eb7a3b2334599cb6bb5d06c6a9281b79c8e22"},
    {file = "pymongo-4.7.3-cp39-cp39-manylinux_2_5_x86_64.manylinux1_x86_64.whl", hash = "sha256:c6bfa29f032fd4fd7b129520f8cdb51ab71d88c2ba0567cccd05d325f963acb5"},
    {file = "pymongo-4.7.3-cp39-cp39-win32.whl", hash = "sha256:1421d0bd2ce629405f5157bd1aaa9b83f12d53a207cf68a43334f4e4ee312b66"},
    {file = "pymongo-4.7.3-cp39-cp39-win_amd64.whl", hash = "sha256:f7ee974f8b9370a998919c55b1050889f43815ab588890212023fecbc0402a6d"},
    {file = "pymongo-4.7.3.tar.gz", hash = "sha256:6354a66b228f2cd399be7429685fb68e07f19110a3679782ecb4fdb68da03831"},
]

[package.dependencies]
dnspython = ">=1.16.0,<3.0.0"

[package.extras]
aws = ["pymongo-auth-aws (>=1.1.0,<2.0.0)"]
encryption = ["certifi", "pymongo-auth-aws (>=1.1.0,<2.0.0)", "pymongocrypt (>=1.6.0,<2.0.0)"]
gssapi = ["pykerberos", "winkerberos (>=0.5.0)"]
ocsp = ["certifi", "cryptography (>=2.5)", "pyopenssl (>=17.2.0)", "requests (<3.0.0)", "service-identity (>=18.1.0)"]
snappy = ["python-snappy"]
test = ["pytest (>=7)"]
zstd = ["zstandard"]

[metadata]
lock-version = "2.0"
python-versions = "~=3.9"
content-hash = "14598be65eb9be0a08be462ef543be42cd3a678ff7bd86777d256d4eaaf40e68"
