# This file is automatically @generated by Poetry 1.8.2 and should not be changed by hand.

[[package]]
name = "dnspython"
version = "2.3.0"
description = "DNS toolkit"
optional = false
python-versions = ">=3.7,<4.0"
files = [
    {file = "dnspython-2.3.0-py3-none-any.whl", hash = "sha256:89141536394f909066cabd112e3e1a37e4e654db00a25308b0f130bc3152eb46"},
    {file = "dnspython-2.3.0.tar.gz", hash = "sha256:224e32b03eb46be70e12ef6d64e0be123a64e621ab4c0822ff6d450d52a540b9"},
]

[package.extras]
curio = ["curio (>=1.2,<2.0)", "sniffio (>=1.1,<2.0)"]
dnssec = ["cryptography (>=2.6,<40.0)"]
doh = ["h2 (>=4.1.0)", "httpx (>=0.21.1)", "requests (>=2.23.0,<3.0.0)", "requests-toolbelt (>=0.9.1,<0.11.0)"]
doq = ["aioquic (>=0.9.20)"]
idna = ["idna (>=2.1,<4.0)"]
trio = ["trio (>=0.14,<0.23)"]
wmi = ["wmi (>=1.5.1,<2.0.0)"]

[[package]]
name = "pymongo"
version = "4.7.2"
description = "Python driver for MongoDB <http://www.mongodb.org>"
optional = false
python-versions = ">=3.7"
files = [
    {file = "pymongo-4.7.2-cp310-cp310-macosx_10_9_x86_64.whl", hash = "sha256:268d8578c0500012140c5460755ea405cbfe541ef47c81efa9d6744f0f99aeca"},
    {file = "pymongo-4.7.2-cp310-cp310-macosx_11_0_arm64.whl", hash = "sha256:827611beb6c483260d520cfa6a49662d980dfa5368a04296f65fa39e78fccea7"},
    {file = "pymongo-4.7.2-cp310-cp310-manylinux_2_17_aarch64.manylinux2014_aarch64.whl", hash = "sha256:a754e366c404d19ff3f077ddeed64be31e0bb515e04f502bf11987f1baa55a16"},
    {file = "pymongo-4.7.2-cp310-cp310-manylinux_2_17_ppc64le.manylinux2014_ppc64le.whl", hash = "sha256:c44efab10d9a3db920530f7bcb26af8f408b7273d2f0214081d3891979726328"},
    {file = "pymongo-4.7.2-cp310-cp310-manylinux_2_17_s390x.manylinux2014_s390x.whl", hash = "sha256:35b3f0c7d49724859d4df5f0445818d525824a6cd55074c42573d9b50764df67"},
    {file = "pymongo-4.7.2-cp310-cp310-manylinux_2_17_x86_64.manylinux2014_x86_64.whl", hash = "sha256:1e37faf298a37ffb3e0809e77fbbb0a32b6a2d18a83c59cfc2a7b794ea1136b0"},
    {file = "pymongo-4.7.2-cp310-cp310-manylinux_2_5_i686.manylinux1_i686.manylinux_2_17_i686.manylinux2014_i686.whl", hash = "sha256:d1bcd58669e56c08f1e72c5758868b5df169fe267501c949ee83c418e9df9155"},
    {file = "pymongo-4.7.2-cp310-cp310-win32.whl", hash = "sha256:c72d16fede22efe7cdd1f422e8da15760e9498024040429362886f946c10fe95"},
    {file = "pymongo-4.7.2-cp310-cp310-win_amd64.whl", hash = "sha256:12d1fef77d25640cb78893d07ff7d2fac4c4461d8eec45bd3b9ad491a1115d6e"},
    {file = "pymongo-4.7.2-cp311-cp311-macosx_10_9_x86_64.whl", hash = "sha256:fc5af24fcf5fc6f7f40d65446400d45dd12bea933d0299dc9e90c5b22197f1e9"},
    {file = "pymongo-4.7.2-cp311-cp311-macosx_11_0_arm64.whl", hash = "sha256:730778b6f0964b164c187289f906bbc84cb0524df285b7a85aa355bbec43eb21"},
    {file = "pymongo-4.7.2-cp311-cp311-manylinux_2_17_aarch64.manylinux2014_aarch64.whl", hash = "sha256:47a1a4832ef2f4346dcd1a10a36ade7367ad6905929ddb476459abb4fd1b98cb"},
    {file = "pymongo-4.7.2-cp311-cp311-manylinux_2_17_ppc64le.manylinux2014_ppc64le.whl", hash = "sha256:e6eab12c6385526d386543d6823b07187fefba028f0da216506e00f0e1855119"},
    {file = "pymongo-4.7.2-cp311-cp311-manylinux_2_17_s390x.manylinux2014_s390x.whl", hash = "sha256:37e9ea81fa59ee9274457ed7d59b6c27f6f2a5fe8e26f184ecf58ea52a019cb8"},
    {file = "pymongo-4.7.2-cp311-cp311-manylinux_2_17_x86_64.manylinux2014_x86_64.whl", hash = "sha256:7e9d9d2c0aae73aa4369bd373ac2ac59f02c46d4e56c4b6d6e250cfe85f76802"},
    {file = "pymongo-4.7.2-cp311-cp311-manylinux_2_5_i686.manylinux1_i686.manylinux_2_17_i686.manylinux2014_i686.whl", hash = "sha256:cb6e00a79dff22c9a72212ad82021b54bdb3b85f38a85f4fc466bde581d7d17a"},
    {file = "pymongo-4.7.2-cp311-cp311-win32.whl", hash = "sha256:02efd1bb3397e24ef2af45923888b41a378ce00cb3a4259c5f4fc3c70497a22f"},
    {file = "pymongo-4.7.2-cp311-cp311-win_amd64.whl", hash = "sha256:87bb453ac3eb44db95cb6d5a616fbc906c1c00661eec7f55696253a6245beb8a"},
    {file = "pymongo-4.7.2-cp312-cp312-macosx_10_9_x86_64.whl", hash = "sha256:12c466e02133b7f8f4ff1045c6b5916215c5f7923bc83fd6e28e290cba18f9f6"},
    {file = "pymongo-4.7.2-cp312-cp312-macosx_11_0_arm64.whl", hash = "sha256:f91073049c43d14e66696970dd708d319b86ee57ef9af359294eee072abaac79"},
    {file = "pymongo-4.7.2-cp312-cp312-manylinux_2_17_aarch64.manylinux2014_aarch64.whl", hash = "sha256:87032f818bf5052ab742812c715eff896621385c43f8f97cdd37d15b5d394e95"},
    {file = "pymongo-4.7.2-cp312-cp312-manylinux_2_17_ppc64le.manylinux2014_ppc64le.whl", hash = "sha256:6a87eef394039765679f75c6a47455a4030870341cb76eafc349c5944408c882"},
    {file = "pymongo-4.7.2-cp312-cp312-manylinux_2_17_s390x.manylinux2014_s390x.whl", hash = "sha256:d275596f840018858757561840767b39272ac96436fcb54f5cac6d245393fd97"},
    {file = "pymongo-4.7.2-cp312-cp312-manylinux_2_17_x86_64.manylinux2014_x86_64.whl", hash = "sha256:82102e353be13f1a6769660dd88115b1da382447672ba1c2662a0fbe3df1d861"},
    {file = "pymongo-4.7.2-cp312-cp312-manylinux_2_5_i686.manylinux1_i686.manylinux_2_17_i686.manylinux2014_i686.whl", hash = "sha256:194065c9d445017b3c82fb85f89aa2055464a080bde604010dc8eb932a6b3c95"},
    {file = "pymongo-4.7.2-cp312-cp312-win32.whl", hash = "sha256:db4380d1e69fdad1044a4b8f3bb105200542c49a0dde93452d938ff9db1d6d29"},
    {file = "pymongo-4.7.2-cp312-cp312-win_amd64.whl", hash = "sha256:fadc6e8db7707c861ebe25b13ad6aca19ea4d2c56bf04a26691f46c23dadf6e4"},
    {file = "pymongo-4.7.2-cp37-cp37m-macosx_10_9_x86_64.whl", hash = "sha256:2cb77d09bd012cb4b30636e7e38d00b5f9be5eb521c364bde66490c45ee6c4b4"},
    {file = "pymongo-4.7.2-cp37-cp37m-manylinux_2_17_aarch64.manylinux2014_aarch64.whl", hash = "sha256:56bf8b706946952acdea0fe478f8e44f1ed101c4b87f046859e6c3abe6c0a9f4"},
    {file = "pymongo-4.7.2-cp37-cp37m-manylinux_2_17_ppc64le.manylinux2014_ppc64le.whl", hash = "sha256:bcf337d1b252405779d9c79978d6ca15eab3cdaa2f44c100a79221bddad97c8a"},
    {file = "pymongo-4.7.2-cp37-cp37m-manylinux_2_17_s390x.manylinux2014_s390x.whl", hash = "sha256:4ffd1519edbe311df73c74ec338de7d294af535b2748191c866ea3a7c484cd15"},
    {file = "pymongo-4.7.2-cp37-cp37m-manylinux_2_17_x86_64.manylinux2014_x86_64.whl", hash = "sha256:d4d59776f435564159196d971aa89422ead878174aff8fe18e06d9a0bc6d648c"},
    {file = "pymongo-4.7.2-cp37-cp37m-manylinux_2_5_i686.manylinux1_i686.manylinux_2_17_i686.manylinux2014_i686.whl", hash = "sha256:347c49cf7f0ba49ea87c1a5a1984187ecc5516b7c753f31938bf7b37462824fd"},
    {file = "pymongo-4.7.2-cp37-cp37m-manylinux_2_5_i686.manylinux1_i686.whl", hash = "sha256:84bc00200c3cbb6c98a2bb964c9e8284b641e4a33cf10c802390552575ee21de"},
    {file = "pymongo-4.7.2-cp37-cp37m-manylinux_2_5_x86_64.manylinux1_x86_64.whl", hash = "sha256:fcaf8c911cb29316a02356f89dbc0e0dfcc6a712ace217b6b543805690d2aefd"},
    {file = "pymongo-4.7.2-cp37-cp37m-win32.whl", hash = "sha256:b48a5650ee5320d59f6d570bd99a8d5c58ac6f297a4e9090535f6561469ac32e"},
    {file = "pymongo-4.7.2-cp37-cp37m-win_amd64.whl", hash = "sha256:5239ef7e749f1326ea7564428bf861d5250aa39d7f26d612741b1b1273227062"},
    {file = "pymongo-4.7.2-cp38-cp38-macosx_10_9_x86_64.whl", hash = "sha256:d2dcf608d35644e8d276d61bf40a93339d8d66a0e5f3e3f75b2c155a421a1b71"},
    {file = "pymongo-4.7.2-cp38-cp38-macosx_11_0_arm64.whl", hash = "sha256:25eeb2c18ede63891cbd617943dd9e6b9cbccc54f276e0b2e693a0cc40f243c5"},
    {file = "pymongo-4.7.2-cp38-cp38-manylinux_2_17_aarch64.manylinux2014_aarch64.whl", hash = "sha256:9349f0bb17a31371d4cacb64b306e4ca90413a3ad1fffe73ac7cd495570d94b5"},
    {file = "pymongo-4.7.2-cp38-cp38-manylinux_2_17_ppc64le.manylinux2014_ppc64le.whl", hash = "sha256:ffd4d7cb2e6c6e100e2b39606d38a9ffc934e18593dc9bb326196afc7d93ce3d"},
    {file = "pymongo-4.7.2-cp38-cp38-manylinux_2_17_s390x.manylinux2014_s390x.whl", hash = "sha256:9a8bd37f5dabc86efceb8d8cbff5969256523d42d08088f098753dba15f3b37a"},
    {file = "pymongo-4.7.2-cp38-cp38-manylinux_2_17_x86_64.manylinux2014_x86_64.whl", hash = "sha256:1c78f156edc59b905c80c9003e022e1a764c54fd40ac4fea05b0764f829790e2"},
    {file = "pymongo-4.7.2-cp38-cp38-manylinux_2_5_i686.manylinux1_i686.manylinux_2_17_i686.manylinux2014_i686.whl", hash = "sha256:9d892fb91e81cccb83f507cdb2ea0aa026ec3ced7f12a1d60f6a5bf0f20f9c1f"},
    {file = "pymongo-4.7.2-cp38-cp38-manylinux_2_5_i686.manylinux1_i686.whl", hash = "sha256:87832d6076c2c82f42870157414fd876facbb6554d2faf271ffe7f8f30ce7bed"},
    {file = "pymongo-4.7.2-cp38-cp38-manylinux_2_5_x86_64.manylinux1_x86_64.whl", hash = "sha256:ce1a374ea0e49808e0380ffc64284c0ce0f12bd21042b4bef1af3eb7bdf49054"},
    {file = "pymongo-4.7.2-cp38-cp38-win32.whl", hash = "sha256:eb0642e5f0dd7e86bb358749cc278e70b911e617f519989d346f742dc9520dfb"},
    {file = "pymongo-4.7.2-cp38-cp38-win_amd64.whl", hash = "sha256:4bdb5ffe1cd3728c9479671a067ef44dacafc3743741d4dc700c377c4231356f"},
    {file = "pymongo-4.7.2-cp39-cp39-macosx_10_9_x86_64.whl", hash = "sha256:743552033c63f0afdb56b9189ab04b5c1dbffd7310cf7156ab98eebcecf24621"},
    {file = "pymongo-4.7.2-cp39-cp39-macosx_11_0_arm64.whl", hash = "sha256:5239776633f7578b81207e5646245415a5a95f6ae5ef5dff8e7c2357e6264bfc"},
    {file = "pymongo-4.7.2-cp39-cp39-manylinux_2_17_aarch64.manylinux2014_aarch64.whl", hash = "sha256:727ad07952c155cd20045f2ce91143c7dc4fb01a5b4e8012905a89a7da554b0c"},
    {file = "pymongo-4.7.2-cp39-cp39-manylinux_2_17_ppc64le.manylinux2014_ppc64le.whl", hash = "sha256:9385654f01a90f73827af4db90c290a1519f7d9102ba43286e187b373e9a78e9"},
    {file = "pymongo-4.7.2-cp39-cp39-manylinux_2_17_s390x.manylinux2014_s390x.whl", hash = "sha256:0d833651f1ba938bb7501f13e326b96cfbb7d98867b2d545ca6d69c7664903e0"},
    {file = "pymongo-4.7.2-cp39-cp39-manylinux_2_17_x86_64.manylinux2014_x86_64.whl", hash = "sha256:cf17ea9cea14d59b0527403dd7106362917ced7c4ec936c4ba22bd36c912c8e0"},
    {file = "pymongo-4.7.2-cp39-cp39-manylinux_2_5_i686.manylinux1_i686.manylinux_2_17_i686.manylinux2014_i686.whl", hash = "sha256:cecd2df037249d1c74f0af86fb5b766104a5012becac6ff63d85d1de53ba8b98"},
    {file = "pymongo-4.7.2-cp39-cp39-manylinux_2_5_i686.manylinux1_i686.whl", hash = "sha256:65b4c00dedbd333698b83cd2095a639a6f0d7c4e2a617988f6c65fb46711f028"},
    {file = "pymongo-4.7.2-cp39-cp39-manylinux_2_5_x86_64.manylinux1_x86_64.whl", hash = "sha256:d9b6cbc037108ff1a0a867e7670d8513c37f9bcd9ee3d2464411bfabf70ca002"},
    {file = "pymongo-4.7.2-cp39-cp39-win32.whl", hash = "sha256:cf28430ec1924af1bffed37b69a812339084697fd3f3e781074a0148e6475803"},
    {file = "pymongo-4.7.2-cp39-cp39-win_amd64.whl", hash = "sha256:e004527ea42a6b99a8b8d5b42b42762c3bdf80f88fbdb5c3a9d47f3808495b86"},
    {file = "pymongo-4.7.2.tar.gz", hash = "sha256:9024e1661c6e40acf468177bf90ce924d1bc681d2b244adda3ed7b2f4c4d17d7"},
]

[package.dependencies]
dnspython = ">=1.16.0,<3.0.0"

[package.extras]
aws = ["pymongo-auth-aws (>=1.1.0,<2.0.0)"]
encryption = ["certifi", "pymongo-auth-aws (>=1.1.0,<2.0.0)", "pymongocrypt (>=1.6.0,<2.0.0)"]
gssapi = ["pykerberos", "winkerberos (>=0.5.0)"]
ocsp = ["certifi", "cryptography (>=2.5)", "pyopenssl (>=17.2.0)", "requests (<3.0.0)", "service-identity (>=18.1.0)"]
snappy = ["python-snappy"]
test = ["pytest (>=7)"]
zstd = ["zstandard"]

[metadata]
lock-version = "2.0"
python-versions = "~=3.9"
content-hash = "839a25d7203cbcb66e3148d98065f27b2c6b9cc59474673367a5031573f7c7d4"
